
Microsoft Visual Studio Solution File, Format Version 12.00
# Visual Studio 2013
VisualStudioVersion = 12.0.31101.0
MinimumVisualStudioVersion = 10.0.40219.1
Project("{8BC9CEB8-8B4A-11D0-8D11-00A0C91BC942}") = "test", "test.vcxproj", "{754DE184-43E9-48D8-A348-267A0AE6914D}"
	ProjectSection(ProjectDependencies) = postProject
		{7A9542C0-5F4A-42AB-AC61-D938B77A7CBE} = {7A9542C0-5F4A-42AB-AC61-D938B77A7CBE}
		{A45661E2-52CA-4531-9CC0-98EC8F88D50D} = {A45661E2-52CA-4531-9CC0-98EC8F88D50D}
	EndProjectSection
EndProject
Project("{8BC9CEB8-8B4A-11D0-8D11-00A0C91BC942}") = "C", "..\src\C.vcxproj", "{A45661E2-52CA-4531-9CC0-98EC8F88D50D}"
EndProject
Project("{8BC9CEB8-8B4A-11D0-8D11-00A0C91BC942}") = "cn-cbor", "..\..\cn-cbor\implement\cn-cbor\cn-cbor\cn-cbor.vcxproj", "{7A9542C0-5F4A-42AB-AC61-D938B77A7CBE}"
EndProject
Global
	GlobalSection(SolutionConfigurationPlatforms) = preSolution
		Debug|ARM = Debug|ARM
		Debug|Win32 = Debug|Win32
		Debug|x64 = Debug|x64
		Release|ARM = Release|ARM
		Release|Win32 = Release|Win32
		Release|x64 = Release|x64
	EndGlobalSection
	GlobalSection(ProjectConfigurationPlatforms) = postSolution
		{754DE184-43E9-48D8-A348-267A0AE6914D}.Debug|ARM.ActiveCfg = Debug|Win32
		{754DE184-43E9-48D8-A348-267A0AE6914D}.Debug|Win32.ActiveCfg = Debug|Win32
		{754DE184-43E9-48D8-A348-267A0AE6914D}.Debug|Win32.Build.0 = Debug|Win32
		{754DE184-43E9-48D8-A348-267A0AE6914D}.Debug|x64.ActiveCfg = Debug|x64
		{754DE184-43E9-48D8-A348-267A0AE6914D}.Debug|x64.Build.0 = Debug|x64
		{754DE184-43E9-48D8-A348-267A0AE6914D}.Release|ARM.ActiveCfg = Release|Win32
		{754DE184-43E9-48D8-A348-267A0AE6914D}.Release|Win32.ActiveCfg = Release|Win32
		{754DE184-43E9-48D8-A348-267A0AE6914D}.Release|Win32.Build.0 = Release|Win32
		{754DE184-43E9-48D8-A348-267A0AE6914D}.Release|x64.ActiveCfg = Release|Win32
		{A45661E2-52CA-4531-9CC0-98EC8F88D50D}.Debug|ARM.ActiveCfg = Debug|Win32
		{A45661E2-52CA-4531-9CC0-98EC8F88D50D}.Debug|Win32.ActiveCfg = Debug|Win32
		{A45661E2-52CA-4531-9CC0-98EC8F88D50D}.Debug|Win32.Build.0 = Debug|Win32
		{A45661E2-52CA-4531-9CC0-98EC8F88D50D}.Debug|x64.ActiveCfg = Debug|x64
		{A45661E2-52CA-4531-9CC0-98EC8F88D50D}.Debug|x64.Build.0 = Debug|x64
		{A45661E2-52CA-4531-9CC0-98EC8F88D50D}.Release|ARM.ActiveCfg = Release|Win32
		{A45661E2-52CA-4531-9CC0-98EC8F88D50D}.Release|Win32.ActiveCfg = Release|Win32
		{A45661E2-52CA-4531-9CC0-98EC8F88D50D}.Release|Win32.Build.0 = Release|Win32
		{A45661E2-52CA-4531-9CC0-98EC8F88D50D}.Release|x64.ActiveCfg = Release|Win32
		{7A9542C0-5F4A-42AB-AC61-D938B77A7CBE}.Debug|ARM.ActiveCfg = Debug|Win32
		{7A9542C0-5F4A-42AB-AC61-D938B77A7CBE}.Debug|Win32.ActiveCfg = Debug|Win32
		{7A9542C0-5F4A-42AB-AC61-D938B77A7CBE}.Debug|Win32.Build.0 = Debug|Win32
		{7A9542C0-5F4A-42AB-AC61-D938B77A7CBE}.Debug|x64.ActiveCfg = Debug|x64
		{7A9542C0-5F4A-42AB-AC61-D938B77A7CBE}.Debug|x64.Build.0 = Debug|x64
		{7A9542C0-5F4A-42AB-AC61-D938B77A7CBE}.Release|ARM.ActiveCfg = Release|Win32
		{7A9542C0-5F4A-42AB-AC61-D938B77A7CBE}.Release|Win32.ActiveCfg = Release|Win32
		{7A9542C0-5F4A-42AB-AC61-D938B77A7CBE}.Release|Win32.Build.0 = Release|Win32
		{7A9542C0-5F4A-42AB-AC61-D938B77A7CBE}.Release|x64.ActiveCfg = Release|Win32
	EndGlobalSection
	GlobalSection(SolutionProperties) = preSolution
		HideSolutionNode = FALSE
	EndGlobalSection
EndGlobal
